
Microsoft Visual Studio Solution File, Format Version 12.00
# Visual Studio Version 16
VisualStudioVersion = 16.0.32602.291
MinimumVisualStudioVersion = 10.0.40219.1
Project("{8BC9CEB8-8B4A-11D0-8D11-00A0C91BC942}") = "예제3-11.c", "예제3-11.c.vcxproj", "{7CBCF6E0-8FBF-4B4A-B551-C1B412560963}"
EndProject
Global
	GlobalSection(SolutionConfigurationPlatforms) = preSolution
		Debug|x64 = Debug|x64
		Debug|x86 = Debug|x86
		Release|x64 = Release|x64
		Release|x86 = Release|x86
	EndGlobalSection
	GlobalSection(ProjectConfigurationPlatforms) = postSolution
		{7CBCF6E0-8FBF-4B4A-B551-C1B412560963}.Debug|x64.ActiveCfg = Debug|x64
		{7CBCF6E0-8FBF-4B4A-B551-C1B412560963}.Debug|x64.Build.0 = Debug|x64
		{7CBCF6E0-8FBF-4B4A-B551-C1B412560963}.Debug|x86.ActiveCfg = Debug|Win32
		{7CBCF6E0-8FBF-4B4A-B551-C1B412560963}.Debug|x86.Build.0 = Debug|Win32
		{7CBCF6E0-8FBF-4B4A-B551-C1B412560963}.Release|x64.ActiveCfg = Release|x64
		{7CBCF6E0-8FBF-4B4A-B551-C1B412560963}.Release|x64.Build.0 = Release|x64
		{7CBCF6E0-8FBF-4B4A-B551-C1B412560963}.Release|x86.ActiveCfg = Release|Win32
		{7CBCF6E0-8FBF-4B4A-B551-C1B412560963}.Release|x86.Build.0 = Release|Win32
	EndGlobalSection
	GlobalSection(SolutionProperties) = preSolution
		HideSolutionNode = FALSE
	EndGlobalSection
	GlobalSection(ExtensibilityGlobals) = postSolution
		SolutionGuid = {BCE7CCFA-8067-4E7C-98C8-C2304A15FAE8}
	EndGlobalSection
EndGlobal
